
Microsoft Visual Studio Solution File, Format Version 12.00
# Visual Studio Version 16
VisualStudioVersion = 16.0.31025.194
MinimumVisualStudioVersion = 10.0.40219.1
Project("{8BC9CEB8-8B4A-11D0-8D11-00A0C91BC942}") = "Project000", "Project000\Project000.vcxproj", "{404E26A4-10D0-4970-8960-3C0B075ACFFF}"
EndProject
Global
	GlobalSection(SolutionConfigurationPlatforms) = preSolution
		Debug|x64 = Debug|x64
		Debug|x86 = Debug|x86
		Release|x64 = Release|x64
		Release|x86 = Release|x86
	EndGlobalSection
	GlobalSection(ProjectConfigurationPlatforms) = postSolution
		{404E26A4-10D0-4970-8960-3C0B075ACFFF}.Debug|x64.ActiveCfg = Debug|x64
		{404E26A4-10D0-4970-8960-3C0B075ACFFF}.Debug|x64.Build.0 = Debug|x64
		{404E26A4-10D0-4970-8960-3C0B075ACFFF}.Debug|x86.ActiveCfg = Debug|Win32
		{404E26A4-10D0-4970-8960-3C0B075ACFFF}.Debug|x86.Build.0 = Debug|Win32
		{404E26A4-10D0-4970-8960-3C0B075ACFFF}.Release|x64.ActiveCfg = Release|x64
		{404E26A4-10D0-4970-8960-3C0B075ACFFF}.Release|x64.Build.0 = Release|x64
		{404E26A4-10D0-4970-8960-3C0B075ACFFF}.Release|x86.ActiveCfg = Release|Win32
		{404E26A4-10D0-4970-8960-3C0B075ACFFF}.Release|x86.Build.0 = Release|Win32
	EndGlobalSection
	GlobalSection(SolutionProperties) = preSolution
		HideSolutionNode = FALSE
	EndGlobalSection
	GlobalSection(ExtensibilityGlobals) = postSolution
		SolutionGuid = {E701D179-0B58-4C29-87B1-4156C1E912C2}
	EndGlobalSection
EndGlobal
